{
    "_readme": [
        "This file locks the dependencies of your project to a known state",
        "Read more about it at https://getcomposer.org/doc/01-basic-usage.md#installing-dependencies",
        "This file is @generated automatically"
    ],
    "content-hash": "38bd52827050fd8f5854f23047bd8852",
    "packages": [
        {
            "name": "shieldforce/scoob",
            "version": "dev-main",
            "source": {
                "type": "git",
                "url": "https://github.com/Shieldforce/scoob.git",
                "reference": "9375d438d1dd8b0a2f44d2827da12907baf2bb86"
            },
            "dist": {
                "type": "zip",
                "url": "https://api.github.com/repos/Shieldforce/scoob/zipball/9375d438d1dd8b0a2f44d2827da12907baf2bb86",
                "reference": "9375d438d1dd8b0a2f44d2827da12907baf2bb86",
                "shasum": ""
            },
            "require": {
                "shieldforce/scoob-eco": "dev-main"
            },
            "default-branch": true,
            "type": "library",
            "autoload": {
                "psr-4": {
                    "Shieldforce\\Scoob\\": "src/"
                }
            },
            "notification-url": "https://packagist.org/downloads/",
            "license": [
                "MIT"
            ],
            "authors": [
                {
                    "name": "Alexandre Ferreira",
                    "email": "shieldforce2@gmail.com"
                }
            ],
            "description": "Pacote para gerar containers rápidos",
            "support": {
                "issues": "https://github.com/Shieldforce/scoob/issues",
                "source": "https://github.com/Shieldforce/scoob/tree/main"
            },
            "time": "2025-04-21T00:19:11+00:00"
        }
    ],
    "packages-dev": [],
    "aliases": [],
    "minimum-stability": "stable",
    "stability-flags": {
        "shieldforce/scoob": 20
    },
    "prefer-stable": false,
    "prefer-lowest": false,
    "platform": {
        "ext-pdo": "*"
    },
    "platform-dev": {},
    "plugin-api-version": "2.6.0"
}
